
Microsoft Visual Studio Solution File, Format Version 12.00
Project("{FAE04EC0-301F-11D3-BF4B-00C04F79EFBC}") = "TjulfarBot.Net", "TjulfarBot.Net.csproj", "{79EF25DD-2276-4130-9017-F412C4AD2226}"
EndProject
Global
	GlobalSection(SolutionConfigurationPlatforms) = preSolution
		Debug|Any CPU = Debug|Any CPU
		Release|Any CPU = Release|Any CPU
		|linux-64 = |linux-64
	EndGlobalSection
	GlobalSection(ProjectConfigurationPlatforms) = postSolution
		{79EF25DD-2276-4130-9017-F412C4AD2226}.Debug|Any CPU.ActiveCfg = Debug|Any CPU
		{79EF25DD-2276-4130-9017-F412C4AD2226}.Debug|Any CPU.Build.0 = Debug|Any CPU
		{79EF25DD-2276-4130-9017-F412C4AD2226}.Release|Any CPU.ActiveCfg = Release|Any CPU
		{79EF25DD-2276-4130-9017-F412C4AD2226}.Release|Any CPU.Build.0 = Release|Any CPU
		{79EF25DD-2276-4130-9017-F412C4AD2226}.|linux-64.ActiveCfg = Debug|linux-64
		{79EF25DD-2276-4130-9017-F412C4AD2226}.|linux-64.Build.0 = Debug|linux-64
	EndGlobalSection
EndGlobal
